
Microsoft Visual Studio Solution File, Format Version 12.00
# Visual Studio Version 17
VisualStudioVersion = 17.1.32210.238
MinimumVisualStudioVersion = 10.0.40219.1
Project("{9A19103F-16F7-4668-BE54-9A1E7A4F7556}") = "TransactionReportsStorage.Core", "TransactionReportsStorage.Core\TransactionReportsStorage.Core.csproj", "{01389165-9EB4-4C03-A87A-9C5B6B4DF2B4}"
EndProject
Project("{9A19103F-16F7-4668-BE54-9A1E7A4F7556}") = "TransactionReportsStorage.Application", "TransactionReportsStorage.Application\TransactionReportsStorage.Application.csproj", "{FCAC8579-1CB5-4C32-AC67-902BB6F1EE77}"
EndProject
Project("{9A19103F-16F7-4668-BE54-9A1E7A4F7556}") = "TransactionReportsStorage.Infrastructure", "TransactionReportsStorage.Infrastructure\TransactionReportsStorage.Infrastructure.csproj", "{512C53FA-6EC7-4799-9BC4-39AECC6E7864}"
EndProject
Project("{FAE04EC0-301F-11D3-BF4B-00C04F79EFBC}") = "TransactionReportsStorage.UI", "TransactionReportsStorage.UI\TransactionReportsStorage.UI.csproj", "{88BBCFCA-4AD2-408D-A11B-84FCCF6F3766}"
EndProject
Global
	GlobalSection(SolutionConfigurationPlatforms) = preSolution
		Debug|Any CPU = Debug|Any CPU
		Release|Any CPU = Release|Any CPU
	EndGlobalSection
	GlobalSection(ProjectConfigurationPlatforms) = postSolution
		{01389165-9EB4-4C03-A87A-9C5B6B4DF2B4}.Debug|Any CPU.ActiveCfg = Debug|Any CPU
		{01389165-9EB4-4C03-A87A-9C5B6B4DF2B4}.Debug|Any CPU.Build.0 = Debug|Any CPU
		{01389165-9EB4-4C03-A87A-9C5B6B4DF2B4}.Release|Any CPU.ActiveCfg = Release|Any CPU
		{01389165-9EB4-4C03-A87A-9C5B6B4DF2B4}.Release|Any CPU.Build.0 = Release|Any CPU
		{FCAC8579-1CB5-4C32-AC67-902BB6F1EE77}.Debug|Any CPU.ActiveCfg = Debug|Any CPU
		{FCAC8579-1CB5-4C32-AC67-902BB6F1EE77}.Debug|Any CPU.Build.0 = Debug|Any CPU
		{FCAC8579-1CB5-4C32-AC67-902BB6F1EE77}.Release|Any CPU.ActiveCfg = Release|Any CPU
		{FCAC8579-1CB5-4C32-AC67-902BB6F1EE77}.Release|Any CPU.Build.0 = Release|Any CPU
		{512C53FA-6EC7-4799-9BC4-39AECC6E7864}.Debug|Any CPU.ActiveCfg = Debug|Any CPU
		{512C53FA-6EC7-4799-9BC4-39AECC6E7864}.Debug|Any CPU.Build.0 = Debug|Any CPU
		{512C53FA-6EC7-4799-9BC4-39AECC6E7864}.Release|Any CPU.ActiveCfg = Release|Any CPU
		{512C53FA-6EC7-4799-9BC4-39AECC6E7864}.Release|Any CPU.Build.0 = Release|Any CPU
		{88BBCFCA-4AD2-408D-A11B-84FCCF6F3766}.Debug|Any CPU.ActiveCfg = Debug|Any CPU
		{88BBCFCA-4AD2-408D-A11B-84FCCF6F3766}.Debug|Any CPU.Build.0 = Debug|Any CPU
		{88BBCFCA-4AD2-408D-A11B-84FCCF6F3766}.Release|Any CPU.ActiveCfg = Release|Any CPU
		{88BBCFCA-4AD2-408D-A11B-84FCCF6F3766}.Release|Any CPU.Build.0 = Release|Any CPU
	EndGlobalSection
	GlobalSection(SolutionProperties) = preSolution
		HideSolutionNode = FALSE
	EndGlobalSection
	GlobalSection(ExtensibilityGlobals) = postSolution
		SolutionGuid = {E7AA6D92-2F76-4287-BE55-2EBE318A2B08}
	EndGlobalSection
EndGlobal
